
Microsoft Visual Studio Solution File, Format Version 12.00
# Visual Studio Version 17
VisualStudioVersion = 17.11.35312.102
MinimumVisualStudioVersion = 10.0.40219.1
Project("{FAE04EC0-301F-11D3-BF4B-00C04F79EFBC}") = "VentaMoviles", "VentaMoviles\VentaMoviles.csproj", "{2E0BADD5-F161-45E3-97B0-EECAFD5B852D}"
EndProject
Global
	GlobalSection(SolutionConfigurationPlatforms) = preSolution
		Debug|Any CPU = Debug|Any CPU
		Release|Any CPU = Release|Any CPU
	EndGlobalSection
	GlobalSection(ProjectConfigurationPlatforms) = postSolution
		{2E0BADD5-F161-45E3-97B0-EECAFD5B852D}.Debug|Any CPU.ActiveCfg = Debug|Any CPU
		{2E0BADD5-F161-45E3-97B0-EECAFD5B852D}.Debug|Any CPU.Build.0 = Debug|Any CPU
		{2E0BADD5-F161-45E3-97B0-EECAFD5B852D}.Release|Any CPU.ActiveCfg = Release|Any CPU
		{2E0BADD5-F161-45E3-97B0-EECAFD5B852D}.Release|Any CPU.Build.0 = Release|Any CPU
	EndGlobalSection
	GlobalSection(SolutionProperties) = preSolution
		HideSolutionNode = FALSE
	EndGlobalSection
	GlobalSection(ExtensibilityGlobals) = postSolution
		SolutionGuid = {07A7B5A5-739A-410E-9302-EC1C5A042A13}
	EndGlobalSection
EndGlobal
